
Microsoft Visual Studio Solution File, Format Version 11.00
# Visual Studio 2010
Project("{FAE04EC0-301F-11D3-BF4B-00C04F79EFBC}") = "Para", "Para\Para.csproj", "{E7DF5A59-6346-45A5-BD0E-252991F5C508}"
EndProject
Project("{2150E333-8FDC-42A3-9474-1A3956D46DE8}") = "Solution Items", "Solution Items", "{182D3B00-1113-4B37-BD65-E15412F22FC8}"
	ProjectSection(SolutionItems) = preProject
		Local.testsettings = Local.testsettings
		README.md = README.md
		TestDrivenDevelopment.vsmdi = TestDrivenDevelopment.vsmdi
		TraceAndTestImpact.testsettings = TraceAndTestImpact.testsettings
	EndProjectSection
EndProject
Project("{FAE04EC0-301F-11D3-BF4B-00C04F79EFBC}") = "TestPara", "TestPara\TestPara.csproj", "{B41AB5C0-8DA8-4B37-AF7D-410E146C153F}"
EndProject
Global
	GlobalSection(TestCaseManagementSettings) = postSolution
		CategoryFile = TestDrivenDevelopment.vsmdi
	EndGlobalSection
	GlobalSection(SolutionConfigurationPlatforms) = preSolution
		Debug|Any CPU = Debug|Any CPU
		Release|Any CPU = Release|Any CPU
	EndGlobalSection
	GlobalSection(ProjectConfigurationPlatforms) = postSolution
		{E7DF5A59-6346-45A5-BD0E-252991F5C508}.Debug|Any CPU.ActiveCfg = Debug|Any CPU
		{E7DF5A59-6346-45A5-BD0E-252991F5C508}.Debug|Any CPU.Build.0 = Debug|Any CPU
		{E7DF5A59-6346-45A5-BD0E-252991F5C508}.Release|Any CPU.ActiveCfg = Release|Any CPU
		{E7DF5A59-6346-45A5-BD0E-252991F5C508}.Release|Any CPU.Build.0 = Release|Any CPU
		{B41AB5C0-8DA8-4B37-AF7D-410E146C153F}.Debug|Any CPU.ActiveCfg = Debug|Any CPU
		{B41AB5C0-8DA8-4B37-AF7D-410E146C153F}.Debug|Any CPU.Build.0 = Debug|Any CPU
		{B41AB5C0-8DA8-4B37-AF7D-410E146C153F}.Release|Any CPU.ActiveCfg = Release|Any CPU
		{B41AB5C0-8DA8-4B37-AF7D-410E146C153F}.Release|Any CPU.Build.0 = Release|Any CPU
	EndGlobalSection
	GlobalSection(SolutionProperties) = preSolution
		HideSolutionNode = FALSE
	EndGlobalSection
EndGlobal
